
Microsoft Visual Studio Solution File, Format Version 12.00
# Visual Studio Version 17
VisualStudioVersion = 17.2.32526.322
MinimumVisualStudioVersion = 10.0.40219.1
Project("{FAE04EC0-301F-11D3-BF4B-00C04F79EFBC}") = "LOBP", "LOBP\LOBP.csproj", "{B39C8687-033D-4F42-A6B1-DEE14440B620}"
EndProject
Project("{00D1A9C2-B5F0-4AF3-8072-F6C62B433612}") = "LOBPDatabase", "LOBPDatabase\LOBPDatabase.sqlproj", "{5B715744-4F12-4A64-B045-919DCF407126}"
EndProject
Global
	GlobalSection(SolutionConfigurationPlatforms) = preSolution
		Debug|Any CPU = Debug|Any CPU
		Release|Any CPU = Release|Any CPU
	EndGlobalSection
	GlobalSection(ProjectConfigurationPlatforms) = postSolution
		{B39C8687-033D-4F42-A6B1-DEE14440B620}.Debug|Any CPU.ActiveCfg = Debug|Any CPU
		{B39C8687-033D-4F42-A6B1-DEE14440B620}.Debug|Any CPU.Build.0 = Debug|Any CPU
		{B39C8687-033D-4F42-A6B1-DEE14440B620}.Release|Any CPU.ActiveCfg = Release|Any CPU
		{B39C8687-033D-4F42-A6B1-DEE14440B620}.Release|Any CPU.Build.0 = Release|Any CPU
		{5B715744-4F12-4A64-B045-919DCF407126}.Debug|Any CPU.ActiveCfg = Debug|Any CPU
		{5B715744-4F12-4A64-B045-919DCF407126}.Debug|Any CPU.Build.0 = Debug|Any CPU
		{5B715744-4F12-4A64-B045-919DCF407126}.Debug|Any CPU.Deploy.0 = Debug|Any CPU
		{5B715744-4F12-4A64-B045-919DCF407126}.Release|Any CPU.ActiveCfg = Release|Any CPU
		{5B715744-4F12-4A64-B045-919DCF407126}.Release|Any CPU.Build.0 = Release|Any CPU
		{5B715744-4F12-4A64-B045-919DCF407126}.Release|Any CPU.Deploy.0 = Release|Any CPU
	EndGlobalSection
	GlobalSection(SolutionProperties) = preSolution
		HideSolutionNode = FALSE
	EndGlobalSection
	GlobalSection(ExtensibilityGlobals) = postSolution
		SolutionGuid = {A21342D2-6385-4F7B-A88B-B871BE31303B}
	EndGlobalSection
EndGlobal
